// !$*UTF8*$!
{
	archiveVersion = 1;
	classes = {
	};
	objectVersion = 50;
	objects = {

/* Begin PBXBuildFile section */
		44A7A9AAA2275B9D5B8AEF01 /* Pods_SandiskConnectPOC.framework in Frameworks */ = {isa = PBXBuildFile; fileRef = B497F8CD6FF9B80E33B8D8D9 /* Pods_SandiskConnectPOC.framework */; };
		C4E3312B2137351E0076FE72 /* AppDelegate.swift in Sources */ = {isa = PBXBuildFile; fileRef = C4E3312A2137351E0076FE72 /* AppDelegate.swift */; };
		C4E3312D2137351F0076FE72 /* ViewController.swift in Sources */ = {isa = PBXBuildFile; fileRef = C4E3312C2137351F0076FE72 /* ViewController.swift */; };
		C4E331302137351F0076FE72 /* Main.storyboard in Resources */ = {isa = PBXBuildFile; fileRef = C4E3312E2137351F0076FE72 /* Main.storyboard */; };
		C4E33132213735210076FE72 /* Assets.xcassets in Resources */ = {isa = PBXBuildFile; fileRef = C4E33131213735210076FE72 /* Assets.xcassets */; };
		C4E33135213735210076FE72 /* LaunchScreen.storyboard in Resources */ = {isa = PBXBuildFile; fileRef = C4E33133213735210076FE72 /* LaunchScreen.storyboard */; };
		C4F5A16C213EE6C2003B6DFC /* StarlordFileWriter.swift in Sources */ = {isa = PBXBuildFile; fileRef = C4F5A16B213EE6C2003B6DFC /* StarlordFileWriter.swift */; };
		C4F5A16F213F26C1003B6DFC /* StarlordFileMaker.swift in Sources */ = {isa = PBXBuildFile; fileRef = C4F5A16E213F26C1003B6DFC /* StarlordFileMaker.swift */; };
		C4F5A173213F2704003B6DFC /* StarlordLayout.swift in Sources */ = {isa = PBXBuildFile; fileRef = C4F5A172213F2704003B6DFC /* StarlordLayout.swift */; };
		C4F5A175213F276B003B6DFC /* StarlordFileHeader.swift in Sources */ = {isa = PBXBuildFile; fileRef = C4F5A174213F276B003B6DFC /* StarlordFileHeader.swift */; };
		C4F5A178213F280A003B6DFC /* StarlordTelemetryRecord.swift in Sources */ = {isa = PBXBuildFile; fileRef = C4F5A177213F280A003B6DFC /* StarlordTelemetryRecord.swift */; };
		C4F5A17A213F2827003B6DFC /* StarlordProductMiscRecord.swift in Sources */ = {isa = PBXBuildFile; fileRef = C4F5A179213F2827003B6DFC /* StarlordProductMiscRecord.swift */; };
		C4F5A17C213F2909003B6DFC /* StarlordWaterRecord.swift in Sources */ = {isa = PBXBuildFile; fileRef = C4F5A17B213F2909003B6DFC /* StarlordWaterRecord.swift */; };
		C4F5A17E213F2A37003B6DFC /* StarlordBarrierRecord.swift in Sources */ = {isa = PBXBuildFile; fileRef = C4F5A17D213F2A37003B6DFC /* StarlordBarrierRecord.swift */; };
		C4F5A180213F2B43003B6DFC /* StarlordAccessoryRecord.swift in Sources */ = {isa = PBXBuildFile; fileRef = C4F5A17F213F2B43003B6DFC /* StarlordAccessoryRecord.swift */; };
		C4F5A182213F2BE1003B6DFC /* StarlordFaultRecord.swift in Sources */ = {isa = PBXBuildFile; fileRef = C4F5A181213F2BE1003B6DFC /* StarlordFaultRecord.swift */; };
		C4F5A184213F2F05003B6DFC /* StarlordRainRecord.swift in Sources */ = {isa = PBXBuildFile; fileRef = C4F5A183213F2F05003B6DFC /* StarlordRainRecord.swift */; };
		C4F5A186213F2F3A003B6DFC /* StarlordTemperatureRecord.swift in Sources */ = {isa = PBXBuildFile; fileRef = C4F5A185213F2F3A003B6DFC /* StarlordTemperatureRecord.swift */; };
		C4F5A188213F2F87003B6DFC /* StarlordVoltageRecord.swift in Sources */ = {isa = PBXBuildFile; fileRef = C4F5A187213F2F87003B6DFC /* StarlordVoltageRecord.swift */; };
		C4F5A18A213F2FD6003B6DFC /* StarlordCustomInputRecord.swift in Sources */ = {isa = PBXBuildFile; fileRef = C4F5A189213F2FD6003B6DFC /* StarlordCustomInputRecord.swift */; };
/* End PBXBuildFile section */

/* Begin PBXFileReference section */
		314EE7B2809FE5C419419F86 /* Pods-SandiskConnectPOC.release.xcconfig */ = {isa = PBXFileReference; includeInIndex = 1; lastKnownFileType = text.xcconfig; name = "Pods-SandiskConnectPOC.release.xcconfig"; path = "Pods/Target Support Files/Pods-SandiskConnectPOC/Pods-SandiskConnectPOC.release.xcconfig"; sourceTree = "<group>"; };
		677E186D3414121B14FF7CB5 /* Pods-SandiskConnectPOC.debug.xcconfig */ = {isa = PBXFileReference; includeInIndex = 1; lastKnownFileType = text.xcconfig; name = "Pods-SandiskConnectPOC.debug.xcconfig"; path = "Pods/Target Support Files/Pods-SandiskConnectPOC/Pods-SandiskConnectPOC.debug.xcconfig"; sourceTree = "<group>"; };
		B497F8CD6FF9B80E33B8D8D9 /* Pods_SandiskConnectPOC.framework */ = {isa = PBXFileReference; explicitFileType = wrapper.framework; includeInIndex = 0; path = Pods_SandiskConnectPOC.framework; sourceTree = BUILT_PRODUCTS_DIR; };
		C4E331272137351E0076FE72 /* SandiskConnectPOC.app */ = {isa = PBXFileReference; explicitFileType = wrapper.application; includeInIndex = 0; path = SandiskConnectPOC.app; sourceTree = BUILT_PRODUCTS_DIR; };
		C4E3312A2137351E0076FE72 /* AppDelegate.swift */ = {isa = PBXFileReference; lastKnownFileType = sourcecode.swift; path = AppDelegate.swift; sourceTree = "<group>"; };
		C4E3312C2137351F0076FE72 /* ViewController.swift */ = {isa = PBXFileReference; lastKnownFileType = sourcecode.swift; path = ViewController.swift; sourceTree = "<group>"; };
		C4E3312F2137351F0076FE72 /* Base */ = {isa = PBXFileReference; lastKnownFileType = file.storyboard; name = Base; path = Base.lproj/Main.storyboard; sourceTree = "<group>"; };
		C4E33131213735210076FE72 /* Assets.xcassets */ = {isa = PBXFileReference; lastKnownFileType = folder.assetcatalog; path = Assets.xcassets; sourceTree = "<group>"; };
		C4E33134213735210076FE72 /* Base */ = {isa = PBXFileReference; lastKnownFileType = file.storyboard; name = Base; path = Base.lproj/LaunchScreen.storyboard; sourceTree = "<group>"; };
		C4E33136213735210076FE72 /* Info.plist */ = {isa = PBXFileReference; lastKnownFileType = text.plist.xml; path = Info.plist; sourceTree = "<group>"; };
		C4F5A16B213EE6C2003B6DFC /* StarlordFileWriter.swift */ = {isa = PBXFileReference; lastKnownFileType = sourcecode.swift; path = StarlordFileWriter.swift; sourceTree = "<group>"; };
		C4F5A16E213F26C1003B6DFC /* StarlordFileMaker.swift */ = {isa = PBXFileReference; lastKnownFileType = sourcecode.swift; path = StarlordFileMaker.swift; sourceTree = "<group>"; };
		C4F5A172213F2704003B6DFC /* StarlordLayout.swift */ = {isa = PBXFileReference; lastKnownFileType = sourcecode.swift; path = StarlordLayout.swift; sourceTree = "<group>"; };
		C4F5A174213F276B003B6DFC /* StarlordFileHeader.swift */ = {isa = PBXFileReference; lastKnownFileType = sourcecode.swift; path = StarlordFileHeader.swift; sourceTree = "<group>"; };
		C4F5A177213F280A003B6DFC /* StarlordTelemetryRecord.swift */ = {isa = PBXFileReference; lastKnownFileType = sourcecode.swift; path = StarlordTelemetryRecord.swift; sourceTree = "<group>"; };
		C4F5A179213F2827003B6DFC /* StarlordProductMiscRecord.swift */ = {isa = PBXFileReference; lastKnownFileType = sourcecode.swift; path = StarlordProductMiscRecord.swift; sourceTree = "<group>"; };
		C4F5A17B213F2909003B6DFC /* StarlordWaterRecord.swift */ = {isa = PBXFileReference; lastKnownFileType = sourcecode.swift; path = StarlordWaterRecord.swift; sourceTree = "<group>"; };
		C4F5A17D213F2A37003B6DFC /* StarlordBarrierRecord.swift */ = {isa = PBXFileReference; lastKnownFileType = sourcecode.swift; path = StarlordBarrierRecord.swift; sourceTree = "<group>"; };
		C4F5A17F213F2B43003B6DFC /* StarlordAccessoryRecord.swift */ = {isa = PBXFileReference; lastKnownFileType = sourcecode.swift; path = StarlordAccessoryRecord.swift; sourceTree = "<group>"; };
		C4F5A181213F2BE1003B6DFC /* StarlordFaultRecord.swift */ = {isa = PBXFileReference; lastKnownFileType = sourcecode.swift; path = StarlordFaultRecord.swift; sourceTree = "<group>"; };
		C4F5A183213F2F05003B6DFC /* StarlordRainRecord.swift */ = {isa = PBXFileReference; lastKnownFileType = sourcecode.swift; path = StarlordRainRecord.swift; sourceTree = "<group>"; };
		C4F5A185213F2F3A003B6DFC /* StarlordTemperatureRecord.swift */ = {isa = PBXFileReference; lastKnownFileType = sourcecode.swift; path = StarlordTemperatureRecord.swift; sourceTree = "<group>"; };
		C4F5A187213F2F87003B6DFC /* StarlordVoltageRecord.swift */ = {isa = PBXFileReference; lastKnownFileType = sourcecode.swift; path = StarlordVoltageRecord.swift; sourceTree = "<group>"; };
		C4F5A189213F2FD6003B6DFC /* StarlordCustomInputRecord.swift */ = {isa = PBXFileReference; lastKnownFileType = sourcecode.swift; path = StarlordCustomInputRecord.swift; sourceTree = "<group>"; };
/* End PBXFileReference section */

/* Begin PBXFrameworksBuildPhase section */
		C4E331242137351E0076FE72 /* Frameworks */ = {
			isa = PBXFrameworksBuildPhase;
			buildActionMask = 2147483647;
			files = (
				44A7A9AAA2275B9D5B8AEF01 /* Pods_SandiskConnectPOC.framework in Frameworks */,
			);
			runOnlyForDeploymentPostprocessing = 0;
		};
/* End PBXFrameworksBuildPhase section */

/* Begin PBXGroup section */
		5B850DBF7C4113880DC7B7EF /* Frameworks */ = {
			isa = PBXGroup;
			children = (
				B497F8CD6FF9B80E33B8D8D9 /* Pods_SandiskConnectPOC.framework */,
			);
			name = Frameworks;
			sourceTree = "<group>";
		};
		C4E3311E2137351E0076FE72 = {
			isa = PBXGroup;
			children = (
				C4E331292137351E0076FE72 /* SandiskConnectPOC */,
				C4E331282137351E0076FE72 /* Products */,
				E8FDB74ADE2EB325FB3AB9C0 /* Pods */,
				5B850DBF7C4113880DC7B7EF /* Frameworks */,
			);
			sourceTree = "<group>";
		};
		C4E331282137351E0076FE72 /* Products */ = {
			isa = PBXGroup;
			children = (
				C4E331272137351E0076FE72 /* SandiskConnectPOC.app */,
			);
			name = Products;
			sourceTree = "<group>";
		};
		C4E331292137351E0076FE72 /* SandiskConnectPOC */ = {
			isa = PBXGroup;
			children = (
				C4E3312A2137351E0076FE72 /* AppDelegate.swift */,
				C4E3312C2137351F0076FE72 /* ViewController.swift */,
				C4E3312E2137351F0076FE72 /* Main.storyboard */,
				C4E33131213735210076FE72 /* Assets.xcassets */,
				C4E33133213735210076FE72 /* LaunchScreen.storyboard */,
				C4E33136213735210076FE72 /* Info.plist */,
				C4F5A16D213F26AE003B6DFC /* Starlord */,
			);
			path = SandiskConnectPOC;
			sourceTree = "<group>";
		};
		C4F5A16D213F26AE003B6DFC /* Starlord */ = {
			isa = PBXGroup;
			children = (
				C4F5A16B213EE6C2003B6DFC /* StarlordFileWriter.swift */,
				C4F5A16E213F26C1003B6DFC /* StarlordFileMaker.swift */,
				C4F5A176213F2775003B6DFC /* Starlord Structure */,
			);
			path = Starlord;
			sourceTree = "<group>";
		};
		C4F5A176213F2775003B6DFC /* Starlord Structure */ = {
			isa = PBXGroup;
			children = (
				C4F5A172213F2704003B6DFC /* StarlordLayout.swift */,
				C4F5A174213F276B003B6DFC /* StarlordFileHeader.swift */,
				C4F5A177213F280A003B6DFC /* StarlordTelemetryRecord.swift */,
				C4F5A179213F2827003B6DFC /* StarlordProductMiscRecord.swift */,
				C4F5A17B213F2909003B6DFC /* StarlordWaterRecord.swift */,
				C4F5A17D213F2A37003B6DFC /* StarlordBarrierRecord.swift */,
				C4F5A17F213F2B43003B6DFC /* StarlordAccessoryRecord.swift */,
				C4F5A181213F2BE1003B6DFC /* StarlordFaultRecord.swift */,
				C4F5A183213F2F05003B6DFC /* StarlordRainRecord.swift */,
				C4F5A185213F2F3A003B6DFC /* StarlordTemperatureRecord.swift */,
				C4F5A187213F2F87003B6DFC /* StarlordVoltageRecord.swift */,
				C4F5A189213F2FD6003B6DFC /* StarlordCustomInputRecord.swift */,
			);
			path = "Starlord Structure";
			sourceTree = "<group>";
		};
		E8FDB74ADE2EB325FB3AB9C0 /* Pods */ = {
			isa = PBXGroup;
			children = (
				677E186D3414121B14FF7CB5 /* Pods-SandiskConnectPOC.debug.xcconfig */,
				314EE7B2809FE5C419419F86 /* Pods-SandiskConnectPOC.release.xcconfig */,
			);
			name = Pods;
			sourceTree = "<group>";
		};
/* End PBXGroup section */

/* Begin PBXNativeTarget section */
		C4E331262137351E0076FE72 /* SandiskConnectPOC */ = {
			isa = PBXNativeTarget;
			buildConfigurationList = C4E33139213735210076FE72 /* Build configuration list for PBXNativeTarget "SandiskConnectPOC" */;
			buildPhases = (
				FA72591F2F0D4411AA5A4C74 /* [CP] Check Pods Manifest.lock */,
				C4E331232137351E0076FE72 /* Sources */,
				C4E331242137351E0076FE72 /* Frameworks */,
				C4E331252137351E0076FE72 /* Resources */,
				68E90D9FC92CBE035E0B1CB4 /* [CP] Embed Pods Frameworks */,
			);
			buildRules = (
			);
			dependencies = (
			);
			name = SandiskConnectPOC;
			productName = SandiskConnectPOC;
			productReference = C4E331272137351E0076FE72 /* SandiskConnectPOC.app */;
			productType = "com.apple.product-type.application";
		};
/* End PBXNativeTarget section */

/* Begin PBXProject section */
		C4E3311F2137351E0076FE72 /* Project object */ = {
			isa = PBXProject;
			attributes = {
				LastSwiftUpdateCheck = 0940;
				LastUpgradeCheck = 0940;
				ORGANIZATIONNAME = "Brandon Mantzey";
				TargetAttributes = {
					C4E331262137351E0076FE72 = {
						CreatedOnToolsVersion = 9.4.1;
					};
				};
			};
			buildConfigurationList = C4E331222137351E0076FE72 /* Build configuration list for PBXProject "SandiskConnectPOC" */;
			compatibilityVersion = "Xcode 9.3";
			developmentRegion = en;
			hasScannedForEncodings = 0;
			knownRegions = (
				en,
				Base,
			);
			mainGroup = C4E3311E2137351E0076FE72;
			productRefGroup = C4E331282137351E0076FE72 /* Products */;
			projectDirPath = "";
			projectRoot = "";
			targets = (
				C4E331262137351E0076FE72 /* SandiskConnectPOC */,
			);
		};
/* End PBXProject section */

/* Begin PBXResourcesBuildPhase section */
		C4E331252137351E0076FE72 /* Resources */ = {
			isa = PBXResourcesBuildPhase;
			buildActionMask = 2147483647;
			files = (
				C4E33135213735210076FE72 /* LaunchScreen.storyboard in Resources */,
				C4E33132213735210076FE72 /* Assets.xcassets in Resources */,
				C4E331302137351F0076FE72 /* Main.storyboard in Resources */,
			);
			runOnlyForDeploymentPostprocessing = 0;
		};
/* End PBXResourcesBuildPhase section */

/* Begin PBXShellScriptBuildPhase section */
		68E90D9FC92CBE035E0B1CB4 /* [CP] Embed Pods Frameworks */ = {
			isa = PBXShellScriptBuildPhase;
			buildActionMask = 2147483647;
			files = (
			);
			inputPaths = (
				"${SRCROOT}/Pods/Target Support Files/Pods-SandiskConnectPOC/Pods-SandiskConnectPOC-frameworks.sh",
				"${BUILT_PRODUCTS_DIR}/FilesProvider/FilesProvider.framework",
			);
			name = "[CP] Embed Pods Frameworks";
			outputPaths = (
				"${TARGET_BUILD_DIR}/${FRAMEWORKS_FOLDER_PATH}/FilesProvider.framework",
			);
			runOnlyForDeploymentPostprocessing = 0;
			shellPath = /bin/sh;
			shellScript = "\"${SRCROOT}/Pods/Target Support Files/Pods-SandiskConnectPOC/Pods-SandiskConnectPOC-frameworks.sh\"\n";
			showEnvVarsInLog = 0;
		};
		FA72591F2F0D4411AA5A4C74 /* [CP] Check Pods Manifest.lock */ = {
			isa = PBXShellScriptBuildPhase;
			buildActionMask = 2147483647;
			files = (
			);
			inputPaths = (
				"${PODS_PODFILE_DIR_PATH}/Podfile.lock",
				"${PODS_ROOT}/Manifest.lock",
			);
			name = "[CP] Check Pods Manifest.lock";
			outputPaths = (
				"$(DERIVED_FILE_DIR)/Pods-SandiskConnectPOC-checkManifestLockResult.txt",
			);
			runOnlyForDeploymentPostprocessing = 0;
			shellPath = /bin/sh;
			shellScript = "diff \"${PODS_PODFILE_DIR_PATH}/Podfile.lock\" \"${PODS_ROOT}/Manifest.lock\" > /dev/null\nif [ $? != 0 ] ; then\n    # print error to STDERR\n    echo \"error: The sandbox is not in sync with the Podfile.lock. Run 'pod install' or update your CocoaPods installation.\" >&2\n    exit 1\nfi\n# This output is used by Xcode 'outputs' to avoid re-running this script phase.\necho \"SUCCESS\" > \"${SCRIPT_OUTPUT_FILE_0}\"\n";
			showEnvVarsInLog = 0;
		};
/* End PBXShellScriptBuildPhase section */

/* Begin PBXSourcesBuildPhase section */
		C4E331232137351E0076FE72 /* Sources */ = {
			isa = PBXSourcesBuildPhase;
			buildActionMask = 2147483647;
			files = (
				C4F5A184213F2F05003B6DFC /* StarlordRainRecord.swift in Sources */,
				C4E3312D2137351F0076FE72 /* ViewController.swift in Sources */,
				C4F5A180213F2B43003B6DFC /* StarlordAccessoryRecord.swift in Sources */,
				C4F5A17A213F2827003B6DFC /* StarlordProductMiscRecord.swift in Sources */,
				C4F5A173213F2704003B6DFC /* StarlordLayout.swift in Sources */,
				C4F5A16F213F26C1003B6DFC /* StarlordFileMaker.swift in Sources */,
				C4F5A16C213EE6C2003B6DFC /* StarlordFileWriter.swift in Sources */,
				C4F5A182213F2BE1003B6DFC /* StarlordFaultRecord.swift in Sources */,
				C4F5A186213F2F3A003B6DFC /* StarlordTemperatureRecord.swift in Sources */,
				C4F5A17E213F2A37003B6DFC /* StarlordBarrierRecord.swift in Sources */,
				C4E3312B2137351E0076FE72 /* AppDelegate.swift in Sources */,
				C4F5A175213F276B003B6DFC /* StarlordFileHeader.swift in Sources */,
				C4F5A17C213F2909003B6DFC /* StarlordWaterRecord.swift in Sources */,
				C4F5A188213F2F87003B6DFC /* StarlordVoltageRecord.swift in Sources */,
				C4F5A178213F280A003B6DFC /* StarlordTelemetryRecord.swift in Sources */,
				C4F5A18A213F2FD6003B6DFC /* StarlordCustomInputRecord.swift in Sources */,
			);
			runOnlyForDeploymentPostprocessing = 0;
		};
/* End PBXSourcesBuildPhase section */

/* Begin PBXVariantGroup section */
		C4E3312E2137351F0076FE72 /* Main.storyboard */ = {
			isa = PBXVariantGroup;
			children = (
				C4E3312F2137351F0076FE72 /* Base */,
			);
			name = Main.storyboard;
			sourceTree = "<group>";
		};
		C4E33133213735210076FE72 /* LaunchScreen.storyboard */ = {
			isa = PBXVariantGroup;
			children = (
				C4E33134213735210076FE72 /* Base */,
			);
			name = LaunchScreen.storyboard;
			sourceTree = "<group>";
		};
/* End PBXVariantGroup section */

/* Begin XCBuildConfiguration section */
		C4E33137213735210076FE72 /* Debug */ = {
			isa = XCBuildConfiguration;
			buildSettings = {
				ALWAYS_SEARCH_USER_PATHS = NO;
				CLANG_ANALYZER_NONNULL = YES;
				CLANG_ANALYZER_NUMBER_OBJECT_CONVERSION = YES_AGGRESSIVE;
				CLANG_CXX_LANGUAGE_STANDARD = "gnu++14";
				CLANG_CXX_LIBRARY = "libc++";
				CLANG_ENABLE_MODULES = YES;
				CLANG_ENABLE_OBJC_ARC = YES;
				CLANG_ENABLE_OBJC_WEAK = YES;
				CLANG_WARN_BLOCK_CAPTURE_AUTORELEASING = YES;
				CLANG_WARN_BOOL_CONVERSION = YES;
				CLANG_WARN_COMMA = YES;
				CLANG_WARN_CONSTANT_CONVERSION = YES;
				CLANG_WARN_DEPRECATED_OBJC_IMPLEMENTATIONS = YES;
				CLANG_WARN_DIRECT_OBJC_ISA_USAGE = YES_ERROR;
				CLANG_WARN_DOCUMENTATION_COMMENTS = YES;
				CLANG_WARN_EMPTY_BODY = YES;
				CLANG_WARN_ENUM_CONVERSION = YES;
				CLANG_WARN_INFINITE_RECURSION = YES;
				CLANG_WARN_INT_CONVERSION = YES;
				CLANG_WARN_NON_LITERAL_NULL_CONVERSION = YES;
				CLANG_WARN_OBJC_IMPLICIT_RETAIN_SELF = YES;
				CLANG_WARN_OBJC_LITERAL_CONVERSION = YES;
				CLANG_WARN_OBJC_ROOT_CLASS = YES_ERROR;
				CLANG_WARN_RANGE_LOOP_ANALYSIS = YES;
				CLANG_WARN_STRICT_PROTOTYPES = YES;
				CLANG_WARN_SUSPICIOUS_MOVE = YES;
				CLANG_WARN_UNGUARDED_AVAILABILITY = YES_AGGRESSIVE;
				CLANG_WARN_UNREACHABLE_CODE = YES;
				CLANG_WARN__DUPLICATE_METHOD_MATCH = YES;
				CODE_SIGN_IDENTITY = "iPhone Developer";
				COPY_PHASE_STRIP = NO;
				DEBUG_INFORMATION_FORMAT = dwarf;
				ENABLE_STRICT_OBJC_MSGSEND = YES;
				ENABLE_TESTABILITY = YES;
				GCC_C_LANGUAGE_STANDARD = gnu11;
				GCC_DYNAMIC_NO_PIC = NO;
				GCC_NO_COMMON_BLOCKS = YES;
				GCC_OPTIMIZATION_LEVEL = 0;
				GCC_PREPROCESSOR_DEFINITIONS = (
					"DEBUG=1",
					"$(inherited)",
				);
				GCC_WARN_64_TO_32_BIT_CONVERSION = YES;
				GCC_WARN_ABOUT_RETURN_TYPE = YES_ERROR;
				GCC_WARN_UNDECLARED_SELECTOR = YES;
				GCC_WARN_UNINITIALIZED_AUTOS = YES_AGGRESSIVE;
				GCC_WARN_UNUSED_FUNCTION = YES;
				GCC_WARN_UNUSED_VARIABLE = YES;
				IPHONEOS_DEPLOYMENT_TARGET = 11.4;
				MTL_ENABLE_DEBUG_INFO = YES;
				ONLY_ACTIVE_ARCH = YES;
				SDKROOT = iphoneos;
				SWIFT_ACTIVE_COMPILATION_CONDITIONS = DEBUG;
				SWIFT_OPTIMIZATION_LEVEL = "-Onone";
			};
			name = Debug;
		};
		C4E33138213735210076FE72 /* Release */ = {
			isa = XCBuildConfiguration;
			buildSettings = {
				ALWAYS_SEARCH_USER_PATHS = NO;
				CLANG_ANALYZER_NONNULL = YES;
				CLANG_ANALYZER_NUMBER_OBJECT_CONVERSION = YES_AGGRESSIVE;
				CLANG_CXX_LANGUAGE_STANDARD = "gnu++14";
				CLANG_CXX_LIBRARY = "libc++";
				CLANG_ENABLE_MODULES = YES;
				CLANG_ENABLE_OBJC_ARC = YES;
				CLANG_ENABLE_OBJC_WEAK = YES;
				CLANG_WARN_BLOCK_CAPTURE_AUTORELEASING = YES;
				CLANG_WARN_BOOL_CONVERSION = YES;
				CLANG_WARN_COMMA = YES;
				CLANG_WARN_CONSTANT_CONVERSION = YES;
				CLANG_WARN_DEPRECATED_OBJC_IMPLEMENTATIONS = YES;
				CLANG_WARN_DIRECT_OBJC_ISA_USAGE = YES_ERROR;
				CLANG_WARN_DOCUMENTATION_COMMENTS = YES;
				CLANG_WARN_EMPTY_BODY = YES;
				CLANG_WARN_ENUM_CONVERSION = YES;
				CLANG_WARN_INFINITE_RECURSION = YES;
				CLANG_WARN_INT_CONVERSION = YES;
				CLANG_WARN_NON_LITERAL_NULL_CONVERSION = YES;
				CLANG_WARN_OBJC_IMPLICIT_RETAIN_SELF = YES;
				CLANG_WARN_OBJC_LITERAL_CONVERSION = YES;
				CLANG_WARN_OBJC_ROOT_CLASS = YES_ERROR;
				CLANG_WARN_RANGE_LOOP_ANALYSIS = YES;
				CLANG_WARN_STRICT_PROTOTYPES = YES;
				CLANG_WARN_SUSPICIOUS_MOVE = YES;
				CLANG_WARN_UNGUARDED_AVAILABILITY = YES_AGGRESSIVE;
				CLANG_WARN_UNREACHABLE_CODE = YES;
				CLANG_WARN__DUPLICATE_METHOD_MATCH = YES;
				CODE_SIGN_IDENTITY = "iPhone Developer";
				COPY_PHASE_STRIP = NO;
				DEBUG_INFORMATION_FORMAT = "dwarf-with-dsym";
				ENABLE_NS_ASSERTIONS = NO;
				ENABLE_STRICT_OBJC_MSGSEND = YES;
				GCC_C_LANGUAGE_STANDARD = gnu11;
				GCC_NO_COMMON_BLOCKS = YES;
				GCC_WARN_64_TO_32_BIT_CONVERSION = YES;
				GCC_WARN_ABOUT_RETURN_TYPE = YES_ERROR;
				GCC_WARN_UNDECLARED_SELECTOR = YES;
				GCC_WARN_UNINITIALIZED_AUTOS = YES_AGGRESSIVE;
				GCC_WARN_UNUSED_FUNCTION = YES;
				GCC_WARN_UNUSED_VARIABLE = YES;
				IPHONEOS_DEPLOYMENT_TARGET = 11.4;
				MTL_ENABLE_DEBUG_INFO = NO;
				SDKROOT = iphoneos;
				SWIFT_COMPILATION_MODE = wholemodule;
				SWIFT_OPTIMIZATION_LEVEL = "-O";
				VALIDATE_PRODUCT = YES;
			};
			name = Release;
		};
		C4E3313A213735210076FE72 /* Debug */ = {
			isa = XCBuildConfiguration;
			baseConfigurationReference = 677E186D3414121B14FF7CB5 /* Pods-SandiskConnectPOC.debug.xcconfig */;
			buildSettings = {
				ASSETCATALOG_COMPILER_APPICON_NAME = AppIcon;
				CODE_SIGN_STYLE = Automatic;
				DEVELOPMENT_TEAM = D77H469HEK;
				FRAMEWORK_SEARCH_PATHS = (
					"$(inherited)",
					"$(PROJECT_DIR)/SandiskConnectPOC",
				);
				INFOPLIST_FILE = SandiskConnectPOC/Info.plist;
				LD_RUNPATH_SEARCH_PATHS = (
					"$(inherited)",
					"@executable_path/Frameworks",
				);
				PRODUCT_BUNDLE_IDENTIFIER = LSS.SandiskConnectPOC;
				PRODUCT_NAME = "$(TARGET_NAME)";
				SWIFT_VERSION = 4.0;
				TARGETED_DEVICE_FAMILY = "1,2";
			};
			name = Debug;
		};
		C4E3313B213735210076FE72 /* Release */ = {
			isa = XCBuildConfiguration;
			baseConfigurationReference = 314EE7B2809FE5C419419F86 /* Pods-SandiskConnectPOC.release.xcconfig */;
			buildSettings = {
				ASSETCATALOG_COMPILER_APPICON_NAME = AppIcon;
				CODE_SIGN_STYLE = Automatic;
				DEVELOPMENT_TEAM = D77H469HEK;
				FRAMEWORK_SEARCH_PATHS = (
					"$(inherited)",
					"$(PROJECT_DIR)/SandiskConnectPOC",
				);
				INFOPLIST_FILE = SandiskConnectPOC/Info.plist;
				LD_RUNPATH_SEARCH_PATHS = (
					"$(inherited)",
					"@executable_path/Frameworks",
				);
				PRODUCT_BUNDLE_IDENTIFIER = LSS.SandiskConnectPOC;
				PRODUCT_NAME = "$(TARGET_NAME)";
				SWIFT_VERSION = 4.0;
				TARGETED_DEVICE_FAMILY = "1,2";
			};
			name = Release;
		};
/* End XCBuildConfiguration section */

/* Begin XCConfigurationList section */
		C4E331222137351E0076FE72 /* Build configuration list for PBXProject "SandiskConnectPOC" */ = {
			isa = XCConfigurationList;
			buildConfigurations = (
				C4E33137213735210076FE72 /* Debug */,
				C4E33138213735210076FE72 /* Release */,
			);
			defaultConfigurationIsVisible = 0;
			defaultConfigurationName = Release;
		};
		C4E33139213735210076FE72 /* Build configuration list for PBXNativeTarget "SandiskConnectPOC" */ = {
			isa = XCConfigurationList;
			buildConfigurations = (
				C4E3313A213735210076FE72 /* Debug */,
				C4E3313B213735210076FE72 /* Release */,
			);
			defaultConfigurationIsVisible = 0;
			defaultConfigurationName = Release;
		};
/* End XCConfigurationList section */
	};
	rootObject = C4E3311F2137351E0076FE72 /* Project object */;
}
